
Microsoft Visual Studio Solution File, Format Version 12.00
# Visual Studio Version 16
VisualStudioVersion = 16.0.29318.209
MinimumVisualStudioVersion = 10.0.40219.1
Project("{FAE04EC0-301F-11D3-BF4B-00C04F79EFBC}") = "MME_Algorithm_Report_Sort_01", "MME_Algorithm_Report_Sort_01\MME_Algorithm_Report_Sort_01.csproj", "{A08F04A3-6E05-4AEC-BBF7-C7323492115D}"
EndProject
Global
	GlobalSection(SolutionConfigurationPlatforms) = preSolution
		Debug|Any CPU = Debug|Any CPU
		Release|Any CPU = Release|Any CPU
	EndGlobalSection
	GlobalSection(ProjectConfigurationPlatforms) = postSolution
		{A08F04A3-6E05-4AEC-BBF7-C7323492115D}.Debug|Any CPU.ActiveCfg = Debug|Any CPU
		{A08F04A3-6E05-4AEC-BBF7-C7323492115D}.Debug|Any CPU.Build.0 = Debug|Any CPU
		{A08F04A3-6E05-4AEC-BBF7-C7323492115D}.Release|Any CPU.ActiveCfg = Release|Any CPU
		{A08F04A3-6E05-4AEC-BBF7-C7323492115D}.Release|Any CPU.Build.0 = Release|Any CPU
	EndGlobalSection
	GlobalSection(SolutionProperties) = preSolution
		HideSolutionNode = FALSE
	EndGlobalSection
	GlobalSection(ExtensibilityGlobals) = postSolution
		SolutionGuid = {E13F1C12-2BA1-4C7B-AA28-6BB9367F8D90}
	EndGlobalSection
EndGlobal
